<?xml version="1.0" encoding="utf-8"?>
<Project ToolsVersion="4.0" xmlns="http://schemas.microsoft.com/developer/msbuild/2003">
  <ItemGroup>
    <Filter Include="Source Files">
      <UniqueIdentifier>{4FC737F1-C7A5-4376-A066-2A32D752A2FF}</UniqueIdentifier>
      <Extensions>cpp;c;cc;cxx;c++;cppm;ixx;def;odl;idl;hpj;bat;asm;asmx</Extensions>
    </Filter>
    <Filter Include="Header Files">
      <UniqueIdentifier>{93995380-89BD-4b04-88EB-625FBE52EBFB}</UniqueIdentifier>
      <Extensions>h;hh;hpp;hxx;h++;hm;inl;inc;ipp;xsd</Extensions>
    </Filter>
    <Filter Include="Resource Files">
      <UniqueIdentifier>{67DA6AB6-F800-4c08-8B7A-83BB121AAD01}</UniqueIdentifier>
      <Extensions>rc;ico;cur;bmp;dlg;rc2;rct;bin;rgs;gif;jpg;jpeg;jpe;resx;tiff;tif;png;wav;mfcribbon-ms</Extensions>
    </Filter>
  </ItemGroup>
  <ItemGroup>
    <ClCompile Include="main.cpp">
      <Filter>Source Files</Filter>
    </ClCompile>
    <ClCompile Include="Utility\MyString.cpp">
      <Filter>Source Files</Filter>
    </ClCompile>
    <ClCompile Include="Command\DirectoryCommands\CreateCommands\cpp\CreateCommand.cpp">
      <Filter>Source Files</Filter>
    </ClCompile>
    <ClCompile Include="Command\DirectoryCommands\CreateCommands\cpp\MakeDirCommand.cpp">
      <Filter>Source Files</Filter>
    </ClCompile>
    <ClCompile Include="Command\DirectoryCommands\ViewCommands\cpp\CdCommand.cpp">
      <Filter>Source Files</Filter>
    </ClCompile>
    <ClCompile Include="Command\DirectoryCommands\ViewCommands\cpp\EchoCommand.cpp">
      <Filter>Source Files</Filter>
    </ClCompile>
    <ClCompile Include="Command\DirectoryCommands\ViewCommands\cpp\ExecuteCommand.cpp">
      <Filter>Source Files</Filter>
    </ClCompile>
    <ClCompile Include="Command\DirectoryCommands\ViewCommands\cpp\LsCommand.cpp">
      <Filter>Source Files</Filter>
    </ClCompile>
    <ClCompile Include="Command\DirectoryCommands\ViewCommands\cpp\ViewCommand.cpp">
      <Filter>Source Files</Filter>
    </ClCompile>
    <ClCompile Include="Command\DirectoryCommands\ViewCommands\cpp\PwdCommand.cpp">
      <Filter>Source Files</Filter>
    </ClCompile>
    <ClCompile Include="FileTypes\Directory.cpp">
      <Filter>Source Files</Filter>
    </ClCompile>
    <ClCompile Include="FileTypes\BaseFile.cpp">
      <Filter>Source Files</Filter>
    </ClCompile>
    <ClCompile Include="FileTypes\ExecutableFiles\cpp\ExecutableFile.cpp">
      <Filter>Source Files</Filter>
    </ClCompile>
    <ClCompile Include="FileTypes\ExecutableFiles\cpp\ExeFile.cpp">
      <Filter>Source Files</Filter>
    </ClCompile>
    <ClCompile Include="FileTypes\ExecutableFiles\cpp\LinkFile.cpp">
      <Filter>Source Files</Filter>
    </ClCompile>
    <ClCompile Include="FileTypes\ExecutableFiles\cpp\TxtFile.cpp">
      <Filter>Source Files</Filter>
    </ClCompile>
    <ClCompile Include="CommandPanel\cpp\AdminPanel.cpp">
      <Filter>Source Files</Filter>
    </ClCompile>
    <ClCompile Include="CommandPanel\cpp\BasePanel.cpp">
      <Filter>Source Files</Filter>
    </ClCompile>
    <ClCompile Include="CommandPanel\cpp\DirectoryPanel.cpp">
      <Filter>Source Files</Filter>
    </ClCompile>
    <ClCompile Include="CommandPanel\cpp\RegistrationAndLoginPanel.cpp">
      <Filter>Source Files</Filter>
    </ClCompile>
    <ClCompile Include="Command\AuthCommands\cpp\LoginCommand.cpp">
      <Filter>Source Files</Filter>
    </ClCompile>
    <ClCompile Include="Command\AuthCommands\cpp\RegisterCommand.cpp">
      <Filter>Source Files</Filter>
    </ClCompile>
    <ClCompile Include="Command\AuthCommands\headers\RegisterCommand.h">
      <Filter>Source Files</Filter>
    </ClCompile>
    <ClCompile Include="Auth\headers\Admin.h">
      <Filter>Source Files</Filter>
    </ClCompile>
    <ClCompile Include="Auth\cpp\Editor.cpp">
      <Filter>Source Files</Filter>
    </ClCompile>
    <ClCompile Include="Auth\cpp\Role.cpp">
      <Filter>Source Files</Filter>
    </ClCompile>
    <ClCompile Include="Auth\cpp\User.cpp">
      <Filter>Source Files</Filter>
    </ClCompile>
    <ClCompile Include="Auth\cpp\Viewer.cpp">
      <Filter>Source Files</Filter>
    </ClCompile>
    <ClCompile Include="Command\DirectoryCommands\CreateCommands\cpp\RemoveFileCommand.cpp">
      <Filter>Source Files</Filter>
    </ClCompile>
    <ClCompile Include="Command\DirectoryCommands\CreateCommands\cpp\TouchCommand.cpp">
      <Filter>Source Files</Filter>
    </ClCompile>
    <ClCompile Include="Command\DirectoryCommands\BaseDirectoryCommand.cpp">
      <Filter>Source Files</Filter>
    </ClCompile>
    <ClCompile Include="Command\DirectoryCommands\CreateCommands\cpp\RemoveDirCommand.cpp">
      <Filter>Source Files</Filter>
    </ClCompile>
    <ClCompile Include="Command\DirectoryCommands\AdminCommands\FileRelated\cpp\AddGroupToFolder.cpp">
      <Filter>Source Files</Filter>
    </ClCompile>
    <ClCompile Include="Command\DirectoryCommands\AdminCommands\FileRelated\cpp\RemoveGroupFromFolderCommand.cpp">
      <Filter>Source Files</Filter>
    </ClCompile>
    <ClCompile Include="Auth\cpp\Admin.cpp">
      <Filter>Source Files</Filter>
    </ClCompile>
    <ClCompile Include="Auth\cpp\roleFactory.cpp">
      <Filter>Source Files</Filter>
    </ClCompile>
    <ClCompile Include="FileTypes\fileFactory.cpp">
      <Filter>Source Files</Filter>
    </ClCompile>
  </ItemGroup>
  <ItemGroup>
    <ClInclude Include="Utility\PolymorphicPtr.hpp">
      <Filter>Header Files</Filter>
    </ClInclude>
    <ClInclude Include="Utility\Vector.hpp">
      <Filter>Header Files</Filter>
    </ClInclude>
    <ClInclude Include="Errors\Auth\CommandAuthorisationError.hpp">
      <Filter>Header Files</Filter>
    </ClInclude>
    <ClInclude Include="Errors\Panel\InvalidCommandInPanel.hpp">
      <Filter>Header Files</Filter>
    </ClInclude>
    <ClInclude Include="Errors\FileErrors.hpp">
      <Filter>Header Files</Filter>
    </ClInclude>
    <ClInclude Include="Command\DirectoryCommands\ViewCommands\FindCommand.hpp">
      <Filter>Header Files</Filter>
    </ClInclude>
    <ClInclude Include="Utility\MyString.h">
      <Filter>Header Files</Filter>
    </ClInclude>
    <ClInclude Include="Command\DirectoryCommands\CreateCommands\headers\CreateCommand.h">
      <Filter>Header Files</Filter>
    </ClInclude>
    <ClInclude Include="Command\DirectoryCommands\CreateCommands\headers\MakeDirCommand.h">
      <Filter>Header Files</Filter>
    </ClInclude>
    <ClInclude Include="Command\DirectoryCommands\CreateCommands\headers\RemoveDirCommand.h">
      <Filter>Header Files</Filter>
    </ClInclude>
    <ClInclude Include="Command\DirectoryCommands\ViewCommands\headers\CdCommand.h">
      <Filter>Header Files</Filter>
    </ClInclude>
    <ClInclude Include="Command\DirectoryCommands\ViewCommands\headers\EchoCommand.h">
      <Filter>Header Files</Filter>
    </ClInclude>
    <ClInclude Include="Command\DirectoryCommands\ViewCommands\headers\ExecuteCommand.h">
      <Filter>Header Files</Filter>
    </ClInclude>
    <ClInclude Include="Command\DirectoryCommands\ViewCommands\headers\LsCommand.h">
      <Filter>Header Files</Filter>
    </ClInclude>
    <ClInclude Include="Command\DirectoryCommands\ViewCommands\headers\PwdCommand.h">
      <Filter>Header Files</Filter>
    </ClInclude>
    <ClInclude Include="Command\DirectoryCommands\ViewCommands\headers\ViewCommand.h">
      <Filter>Header Files</Filter>
    </ClInclude>
    <ClInclude Include="FileTypes\Directory.h">
      <Filter>Header Files</Filter>
    </ClInclude>
    <ClInclude Include="FileTypes\BaseFile.h">
      <Filter>Header Files</Filter>
    </ClInclude>
    <ClInclude Include="FileTypes\ExecutableFiles\headers\ExeFile.h">
      <Filter>Header Files</Filter>
    </ClInclude>
    <ClInclude Include="FileTypes\ExecutableFiles\headers\ExecutableFile.h">
      <Filter>Header Files</Filter>
    </ClInclude>
    <ClInclude Include="FileTypes\ExecutableFiles\headers\LinkFile.h">
      <Filter>Header Files</Filter>
    </ClInclude>
    <ClInclude Include="FileTypes\ExecutableFiles\headers\TxtFile.h">
      <Filter>Header Files</Filter>
    </ClInclude>
    <ClInclude Include="CommandPanel\headers\AdminPanel.h">
      <Filter>Header Files</Filter>
    </ClInclude>
    <ClInclude Include="CommandPanel\headers\BasePanel.h">
      <Filter>Header Files</Filter>
    </ClInclude>
    <ClInclude Include="CommandPanel\headers\DirectoryPanel.h">
      <Filter>Header Files</Filter>
    </ClInclude>
    <ClInclude Include="CommandPanel\headers\RegistrationAndLoginPanel.h">
      <Filter>Header Files</Filter>
    </ClInclude>
    <ClInclude Include="Command\AuthCommands\headers\BaseAdminCommand.h">
      <Filter>Header Files</Filter>
    </ClInclude>
    <ClInclude Include="Command\AuthCommands\headers\LoginCommand.h">
      <Filter>Header Files</Filter>
    </ClInclude>
    <ClInclude Include="Auth\headers\Editor.h">
      <Filter>Header Files</Filter>
    </ClInclude>
    <ClInclude Include="Auth\headers\Role.h">
      <Filter>Header Files</Filter>
    </ClInclude>
    <ClInclude Include="Auth\headers\User.h">
      <Filter>Header Files</Filter>
    </ClInclude>
    <ClInclude Include="Auth\headers\Viewer.h">
      <Filter>Header Files</Filter>
    </ClInclude>
    <ClInclude Include="Command\DirectoryCommands\CreateCommands\headers\RemoveFileCommand.h">
      <Filter>Header Files</Filter>
    </ClInclude>
    <ClInclude Include="Command\DirectoryCommands\CreateCommands\headers\TouchCommand.h">
      <Filter>Header Files</Filter>
    </ClInclude>
    <ClInclude Include="Command\DirectoryCommands\BaseDirectoryCommand.h">
      <Filter>Header Files</Filter>
    </ClInclude>
    <ClInclude Include="Command\DirectoryCommands\AdminCommands\FileRelated\headers\AddGroupToFolderCommand.h">
      <Filter>Header Files</Filter>
    </ClInclude>
    <ClInclude Include="Command\DirectoryCommands\AdminCommands\FileRelated\headers\RemoveGroupFromFolderCommand.h">
      <Filter>Header Files</Filter>
    </ClInclude>
    <ClInclude Include="Auth\headers\roleFactory.h">
      <Filter>Header Files</Filter>
    </ClInclude>
    <ClInclude Include="FileTypes\fileFactory.h">
      <Filter>Header Files</Filter>
    </ClInclude>
  </ItemGroup>
</Project>